{
  "name": "test",
  "version": "1.0.0",
  "lockfileVersion": 1,
  "requires": true,
  "dependencies": {
    "@mock-my-test/mockmytest": {
      "version": "1.0.3",
      "resolved": "https://registry.npmjs.org/@mock-my-test/mockmytest/-/mockmytest-1.0.3.tgz",
      "integrity": "sha512-RC4N3jqBQMHtterrNsTwzafcasuPlCo64i3jW8gFJLqWSs5vllhD5d59LKidG1VCXTy/aXw+6UkQhQuFcoHapQ==",
      "dev": true
    }
  }
}
